
Microsoft Visual Studio Solution File, Format Version 12.00
# Visual Studio Version 17
VisualStudioVersion = 17.1.32328.378
MinimumVisualStudioVersion = 10.0.40219.1
Project("{FAE04EC0-301F-11D3-BF4B-00C04F79EFBC}") = "ChuntianCms", "ChuntianCms.csproj", "{241DF7FD-A3B9-4DF2-B4DE-D7901A396DF9}"
EndProject
Global
	GlobalSection(SolutionConfigurationPlatforms) = preSolution
		Debug|Any CPU = Debug|Any CPU
		Release|Any CPU = Release|Any CPU
	EndGlobalSection
	GlobalSection(ProjectConfigurationPlatforms) = postSolution
		{241DF7FD-A3B9-4DF2-B4DE-D7901A396DF9}.Debug|Any CPU.ActiveCfg = Debug|Any CPU
		{241DF7FD-A3B9-4DF2-B4DE-D7901A396DF9}.Debug|Any CPU.Build.0 = Debug|Any CPU
		{241DF7FD-A3B9-4DF2-B4DE-D7901A396DF9}.Release|Any CPU.ActiveCfg = Release|Any CPU
		{241DF7FD-A3B9-4DF2-B4DE-D7901A396DF9}.Release|Any CPU.Build.0 = Release|Any CPU
	EndGlobalSection
	GlobalSection(SolutionProperties) = preSolution
		HideSolutionNode = FALSE
	EndGlobalSection
	GlobalSection(ExtensibilityGlobals) = postSolution
		SolutionGuid = {79885AF4-DB39-4B26-B0C4-370C1934C7BB}
	EndGlobalSection
EndGlobal
